{
  "name": "TrackenerBrookeApp",
  "version": "0.0.1",
  "lockfileVersion": 1,
  "requires": true,
  "dependencies": {
    "art": {
      "version": "0.10.1",
      "resolved": "https://registry.npmjs.org/art/-/art-0.10.1.tgz",
      "integrity": "sha1-OFQYg+OZIlxeGT/yRujxV897IUY="
    },
    "babel-jest": {
      "version": "19.0.0",
      "resolved": "https://registry.npmjs.org/babel-jest/-/babel-jest-19.0.0.tgz",
      "integrity": "sha1-WTI87ZmjqE01naIZyogQdP/Gzj8=",
      "dev": true
    },
    "babel-preset-react-native": {
      "version": "1.9.1",
      "resolved": "https://registry.npmjs.org/babel-preset-react-native/-/babel-preset-react-native-1.9.1.tgz",
      "integrity": "sha1-7I43gnRBDXj1UPqfjt1wNT87sv4=",
      "dev": true
    },
    "bugsnag-react-native": {
      "version": "2.3.2",
      "resolved": "https://registry.npmjs.org/bugsnag-react-native/-/bugsnag-react-native-2.3.2.tgz",
      "integrity": "sha1-MphVSzaE8oFjcATgO/gEN450NQs="
    },
    "d3": {
      "version": "4.10.0",
      "resolved": "https://registry.npmjs.org/d3/-/d3-4.10.0.tgz",
      "integrity": "sha512-PXnXfSEgrYOspAIU4ujlsJuIVHvVbT/AidBMedq6XRPXbbUwPI2rqe9kbuQofCaAW/IipdT5gSbTKw/5Xjbb5Q=="
    },
    "d3-shape": {
      "version": "1.2.0",
      "resolved": "https://registry.npmjs.org/d3-shape/-/d3-shape-1.2.0.tgz",
      "integrity": "sha1-RdAVOPBkuv0F6j1tLLdI/YxB93c="
    },
    "jest": {
      "version": "19.0.2",
      "resolved": "https://registry.npmjs.org/jest/-/jest-19.0.2.tgz",
      "integrity": "sha1-t5T6r4/0Yec4jyi+71WaVPILLBA=",
      "dev": true
    },
    "jest-cli": {
      "version": "19.0.2",
      "resolved": "https://registry.npmjs.org/jest-cli/-/jest-cli-19.0.2.tgz",
      "integrity": "sha1-zDYgtirKxfLZOlSMtu9pfU7IVEM=",
      "dev": true,
      "dependencies": {
        "bser": {
          "version": "1.0.2",
          "resolved": "https://registry.npmjs.org/bser/-/bser-1.0.2.tgz",
          "integrity": "sha1-OBEWlwsqbe6lZG3RXdcnhES1YWk="
        },
        "jest-haste-map": {
          "version": "19.0.2",
          "resolved": "https://registry.npmjs.org/jest-haste-map/-/jest-haste-map-19.0.2.tgz",
          "integrity": "sha1-KGSEw6Fuhtp4crCHfDXc4ww9bwc="
        },
        "sane": {
          "version": "1.5.0",
          "resolved": "https://registry.npmjs.org/sane/-/sane-1.5.0.tgz",
          "integrity": "sha1-pK3q52TQSGIeyyfV+ez1ExAZOfM=",
          "dependencies": {
            "fb-watchman": {
              "version": "1.9.2",
              "resolved": "https://registry.npmjs.org/fb-watchman/-/fb-watchman-1.9.2.tgz",
              "integrity": "sha1-okz0eCf4LTj7Waaa1wt247auc4M="
            }
          }
        }
      }
    },
    "moment": {
      "version": "2.29.2",
      "resolved": "https://registry.npmjs.org/moment/-/moment-2.29.2.tgz",
      "integrity": "sha512-UgzG4rvxYpN15jgCmVJwac49h9ly9NurikMWGPdVxm8GZD6XjkKPxDTjQQ43gtGgnV3X0cAyWDdP2Wexoquifg=="
    },
    "prop-types": {
      "version": "15.5.10",
      "resolved": "https://registry.npmjs.org/prop-types/-/prop-types-15.5.10.tgz",
      "integrity": "sha1-J5ffwxJhguOpXj37suiT3ddFYVQ="
    },
    "react": {
      "version": "16.0.0-alpha.12",
      "resolved": "https://registry.npmjs.org/react/-/react-16.0.0-alpha.12.tgz",
      "integrity": "sha1-jFlIUoFIXfMZtvd2gtjdBiHAgZQ="
    },
    "react-native": {
      "version": "0.45.1",
      "resolved": "https://registry.npmjs.org/react-native/-/react-native-0.45.1.tgz",
      "integrity": "sha1-syg8SogjNCH5xmKi/xpMzIqfB8A=",
      "dependencies": {
        "babel-preset-react-native": {
          "version": "1.9.2",
          "resolved": "https://registry.npmjs.org/babel-preset-react-native/-/babel-preset-react-native-1.9.2.tgz",
          "integrity": "sha1-sird0uNV/zs5Zxt5voB+Ut+hRfI="
        },
        "core-js": {
          "version": "2.5.0",
          "resolved": "https://registry.npmjs.org/core-js/-/core-js-2.5.0.tgz",
          "integrity": "sha1-VpwFCRi+ZIazg3VSAorgRmtxcIY="
        },
        "fbjs": {
          "version": "0.8.12",
          "resolved": "https://registry.npmjs.org/fbjs/-/fbjs-0.8.12.tgz",
          "integrity": "sha1-ELXZL3bUVXX9Y6IX1OoCvqL47QQ=",
          "dependencies": {
            "core-js": {
              "version": "1.2.7",
              "resolved": "https://registry.npmjs.org/core-js/-/core-js-1.2.7.tgz",
              "integrity": "sha1-ZSKUwUZR2yj6k70tX/KYOk8IxjY="
            }
          }
        },
        "whatwg-fetch": {
          "version": "1.1.1",
          "resolved": "https://registry.npmjs.org/whatwg-fetch/-/whatwg-fetch-1.1.1.tgz",
          "integrity": "sha1-rDydOfMgxtzlM5lp0FTvQ90zMxk="
        }
      }
    },
    "react-native-android-location-services-dialog-box": {
      "version": "1.2.3",
      "resolved": "https://registry.npmjs.org/react-native-android-location-services-dialog-box/-/react-native-android-location-services-dialog-box-1.2.3.tgz",
      "integrity": "sha512-M0tNHtvNeO7Kud9VHkAjAMl0G423K6T0yeWTUto07nZk7976d4lLyVCGwdlltCqQk0BP14ox57AH8Kcu+aolfA=="
    },
    "react-native-background-timer": {
      "version": "1.2.0",
      "resolved": "https://registry.npmjs.org/react-native-background-timer/-/react-native-background-timer-1.2.0.tgz",
      "integrity": "sha1-/ZUfk+XHDsiZpftCheEnDQ6Ln7I="
    },
    "react-native-config": {
      "version": "0.6.1",
      "resolved": "https://registry.npmjs.org/react-native-config/-/react-native-config-0.6.1.tgz",
      "integrity": "sha512-VHlzOPjp56m00vu9d12BwJRVoIHZQRc3EcjEvKP7EFBl9qpo797esWSHckIZxMvZyfKerq1Xljl0A6tM2XsIqg=="
    },
    "react-native-keychain": {
      "version": "1.2.1",
      "resolved": "https://registry.npmjs.org/react-native-keychain/-/react-native-keychain-1.2.1.tgz",
      "integrity": "sha512-EDTKVFHKkNHlHCt+ZISQBP6/fCx711s49iIBqBjYZP0Qryr1skRf+2PL6+YmxmGlP+P3Jf2LD+wSBKdfpuGXfA=="
    },
    "react-native-location": {
      "version": "0.27.0",
      "resolved": "https://registry.npmjs.org/react-native-location/-/react-native-location-0.27.0.tgz",
      "integrity": "sha1-jpIKe/vUtVgzAo8trWXtwSRJ1vU="
    },
    "react-native-logentries": {
      "version": "1.0.0",
      "resolved": "https://registry.npmjs.org/react-native-logentries/-/react-native-logentries-1.0.0.tgz",
      "integrity": "sha1-4l9d1baK5rf1yJL2/Ehd7iQaW0A="
    },
    "react-native-media-queries": {
      "version": "0.3.0",
      "resolved": "https://registry.npmjs.org/react-native-media-queries/-/react-native-media-queries-0.3.0.tgz",
      "integrity": "sha1-IdDUPMSRSnrHsRQWJWFNVYNtE/4="
    },
    "react-native-mock": {
      "version": "0.3.1",
      "resolved": "https://registry.npmjs.org/react-native-mock/-/react-native-mock-0.3.1.tgz",
      "integrity": "sha1-E9IkM8U1Gop/uK7deGK2FNCHhRw=",
      "dev": true
    },
    "react-native-permissions": {
      "version": "0.2.7",
      "resolved": "https://registry.npmjs.org/react-native-permissions/-/react-native-permissions-0.2.7.tgz",
      "integrity": "sha1-kurgWJTtmSNXB+IOy4+/fXZXUq4="
    },
    "react-navigation": {
      "version": "1.0.0-beta.11",
      "resolved": "https://registry.npmjs.org/react-navigation/-/react-navigation-1.0.0-beta.11.tgz",
      "integrity": "sha1-QnHtsjzbzG64hgL3/eCnfw73oWA="
    },
    "react-redux": {
      "version": "5.0.6",
      "resolved": "https://registry.npmjs.org/react-redux/-/react-redux-5.0.6.tgz",
      "integrity": "sha512-8taaaGu+J7PMJQDJrk/xiWEYQmdo3mkXw6wPr3K3LxvXis3Fymiq7c13S+Tpls/AyNUAsoONkU81AP0RA6y6Vw==",
      "dependencies": {
        "hoist-non-react-statics": {
          "version": "2.3.0",
          "resolved": "https://registry.npmjs.org/hoist-non-react-statics/-/hoist-non-react-statics-2.3.0.tgz",
          "integrity": "sha1-7eFjGML/H5/joCU5a6Bv1MRGCLs="
        }
      }
    },
    "react-test-renderer": {
      "version": "15.4.2",
      "resolved": "https://registry.npmjs.org/react-test-renderer/-/react-test-renderer-15.4.2.tgz",
      "integrity": "sha1-J+Hf9dJtDoMPmWFMSHYivIMUFvM=",
      "dev": true
    },
    "redux": {
      "version": "3.7.2",
      "resolved": "https://registry.npmjs.org/redux/-/redux-3.7.2.tgz",
      "integrity": "sha512-pNqnf9q1hI5HHZRBkj3bAngGZW/JMCmexDlOxw4XagXY2o1327nHH54LoTjiPJ0gizoqPDRqWyX/00g0hD6w+A=="
    },
    "redux-logger": {
      "version": "3.0.6",
      "resolved": "https://registry.npmjs.org/redux-logger/-/redux-logger-3.0.6.tgz",
      "integrity": "sha1-91VZZvMJjzyIYExEnPC69XeCdL8="
    },
    "redux-persist": {
      "version": "4.9.1",
      "resolved": "https://registry.npmjs.org/redux-persist/-/redux-persist-4.9.1.tgz",
      "integrity": "sha512-XoOmfPyo9GEU/WLH9FgB47dNIN9l5ArjHes4o7vUWx9nxZoPxnVodhuHdyc4Ot+fMkdj3L2LTqSHhwrkr0QFUg=="
    },
    "redux-promise": {
      "version": "0.5.3",
      "resolved": "https://registry.npmjs.org/redux-promise/-/redux-promise-0.5.3.tgz",
      "integrity": "sha1-6X5snTvzdurLebq+bZBtogES1tg="
    },
    "redux-thunk": {
      "version": "2.2.0",
      "resolved": "https://registry.npmjs.org/redux-thunk/-/redux-thunk-2.2.0.tgz",
      "integrity": "sha1-5hWhbha0ehmlFXZhM9Hj6Zt4UuU="
    }
  }
}
